
Microsoft Visual Studio Solution File, Format Version 12.00
# Visual Studio Version 17
VisualStudioVersion = 17.8.34309.116
MinimumVisualStudioVersion = 10.0.40219.1
Project("{FAE04EC0-301F-11D3-BF4B-00C04F79EFBC}") = "25noyabr", "25noyabr\25noyabr.csproj", "{DE4F476C-2E75-4B82-BBB6-F2EB3D069374}"
EndProject
Global
	GlobalSection(SolutionConfigurationPlatforms) = preSolution
		Debug|Any CPU = Debug|Any CPU
		Release|Any CPU = Release|Any CPU
	EndGlobalSection
	GlobalSection(ProjectConfigurationPlatforms) = postSolution
		{DE4F476C-2E75-4B82-BBB6-F2EB3D069374}.Debug|Any CPU.ActiveCfg = Debug|Any CPU
		{DE4F476C-2E75-4B82-BBB6-F2EB3D069374}.Debug|Any CPU.Build.0 = Debug|Any CPU
		{DE4F476C-2E75-4B82-BBB6-F2EB3D069374}.Release|Any CPU.ActiveCfg = Release|Any CPU
		{DE4F476C-2E75-4B82-BBB6-F2EB3D069374}.Release|Any CPU.Build.0 = Release|Any CPU
	EndGlobalSection
	GlobalSection(SolutionProperties) = preSolution
		HideSolutionNode = FALSE
	EndGlobalSection
	GlobalSection(ExtensibilityGlobals) = postSolution
		SolutionGuid = {419F1A62-399D-45AC-9DFF-971C958E0359}
	EndGlobalSection
EndGlobal
